
Microsoft Visual Studio Solution File, Format Version 12.00
# Visual Studio 14
VisualStudioVersion = 14.0.25420.1
MinimumVisualStudioVersion = 10.0.40219.1
Project("{2150E333-8FDC-42A3-9474-1A3956D46DE8}") = "1 - Presentation", "1 - Presentation", "{9DF2760A-43D0-4284-B50A-7087ACD13EE4}"
EndProject
Project("{2150E333-8FDC-42A3-9474-1A3956D46DE8}") = "2 - Application Services", "2 - Application Services", "{861980F4-C340-4983-9229-8309E781F282}"
EndProject
Project("{2150E333-8FDC-42A3-9474-1A3956D46DE8}") = "3 - Domain", "3 - Domain", "{A216705C-AF0D-4E54-9762-0F1F8D084BC2}"
EndProject
Project("{2150E333-8FDC-42A3-9474-1A3956D46DE8}") = "4 - Infra", "4 - Infra", "{D53F731E-5259-4E73-802F-7C9181D4FFF5}"
EndProject
Project("{2150E333-8FDC-42A3-9474-1A3956D46DE8}") = "5 - Tests", "5 - Tests", "{99B099A6-AD9D-49F6-9464-0897AB4F65F9}"
EndProject
Project("{2150E333-8FDC-42A3-9474-1A3956D46DE8}") = "4.2 - External Service", "4.2 - External Service", "{699C560D-A61D-4265-8761-3CAFAD2F42AF}"
EndProject
Project("{2150E333-8FDC-42A3-9474-1A3956D46DE8}") = "4.3 - Cross Cutting", "4.3 - Cross Cutting", "{45578284-A9E8-4658-83C5-15C040FA0753}"
EndProject
Project("{FAE04EC0-301F-11D3-BF4B-00C04F79EFBC}") = "Challenge.Domain", "Challenge.Domain\Challenge.Domain.csproj", "{A1F9C922-7553-497A-B16C-C65BFA41292D}"
EndProject
Project("{FAE04EC0-301F-11D3-BF4B-00C04F79EFBC}") = "Challenge.ApplicationService", "Challenge.AppicationService\Challenge.ApplicationService.csproj", "{9D156391-730E-4066-97E9-0FCA8B2D1A64}"
EndProject
Project("{FAE04EC0-301F-11D3-BF4B-00C04F79EFBC}") = "Challenge.ExternalService", "Challenge.ExternalService\Challenge.ExternalService.csproj", "{AFA95E77-172A-4AB7-B825-4C76A22027EA}"
EndProject
Project("{FAE04EC0-301F-11D3-BF4B-00C04F79EFBC}") = "Challenge.SharedKernel", "Challenge.SharedKernel\Challenge.SharedKernel.csproj", "{D1FD07E2-DD6D-47E7-89A8-CA833544F8FB}"
EndProject
Project("{FAE04EC0-301F-11D3-BF4B-00C04F79EFBC}") = "Challenge.Api", "Challenge.Api\Challenge.Api.csproj", "{05C6C598-B629-40F3-8C39-66ABB1FD32E0}"
EndProject
Project("{FAE04EC0-301F-11D3-BF4B-00C04F79EFBC}") = "Challenge.Domain.Tests", "Challenge.Domain.Tests\Challenge.Domain.Tests.csproj", "{742C9C24-0DDB-4AB7-A092-2E376F1D8935}"
EndProject
Project("{FAE04EC0-301F-11D3-BF4B-00C04F79EFBC}") = "Challenge.CrossCutting", "Challenge.CrossCutting\Challenge.CrossCutting.csproj", "{6C4AFC8C-BA9B-4A0E-AD21-1072E6B065F4}"
EndProject
Project("{2150E333-8FDC-42A3-9474-1A3956D46DE8}") = "1.1 - Web", "1.1 - Web", "{F7E3B3C9-C0C0-4E7D-9A28-8AF9102AB9AF}"
EndProject
Project("{2150E333-8FDC-42A3-9474-1A3956D46DE8}") = "1.2 - Api", "1.2 - Api", "{17B259DF-2509-4474-A0D3-CC93A49ED2F3}"
EndProject
Project("{FAE04EC0-301F-11D3-BF4B-00C04F79EFBC}") = "Challenge.Web", "Challenge.Web\Challenge.Web.csproj", "{24663046-6E2C-462D-8602-090E66E5553F}"
EndProject
Project("{2150E333-8FDC-42A3-9474-1A3956D46DE8}") = "4.1 - Data", "4.1 - Data", "{7DF1CCED-077E-4501-84F0-7AE4DBA21095}"
EndProject
Project("{FAE04EC0-301F-11D3-BF4B-00C04F79EFBC}") = "Challenge.Data", "Challenge.Data\Challenge.Data.csproj", "{43F17FA3-8D48-4A71-AFFC-6D35240594FD}"
EndProject
Global
	GlobalSection(SolutionConfigurationPlatforms) = preSolution
		Debug|Any CPU = Debug|Any CPU
		Release|Any CPU = Release|Any CPU
	EndGlobalSection
	GlobalSection(ProjectConfigurationPlatforms) = postSolution
		{A1F9C922-7553-497A-B16C-C65BFA41292D}.Debug|Any CPU.ActiveCfg = Debug|Any CPU
		{A1F9C922-7553-497A-B16C-C65BFA41292D}.Debug|Any CPU.Build.0 = Debug|Any CPU
		{A1F9C922-7553-497A-B16C-C65BFA41292D}.Release|Any CPU.ActiveCfg = Release|Any CPU
		{A1F9C922-7553-497A-B16C-C65BFA41292D}.Release|Any CPU.Build.0 = Release|Any CPU
		{9D156391-730E-4066-97E9-0FCA8B2D1A64}.Debug|Any CPU.ActiveCfg = Debug|Any CPU
		{9D156391-730E-4066-97E9-0FCA8B2D1A64}.Debug|Any CPU.Build.0 = Debug|Any CPU
		{9D156391-730E-4066-97E9-0FCA8B2D1A64}.Release|Any CPU.ActiveCfg = Release|Any CPU
		{9D156391-730E-4066-97E9-0FCA8B2D1A64}.Release|Any CPU.Build.0 = Release|Any CPU
		{AFA95E77-172A-4AB7-B825-4C76A22027EA}.Debug|Any CPU.ActiveCfg = Debug|Any CPU
		{AFA95E77-172A-4AB7-B825-4C76A22027EA}.Debug|Any CPU.Build.0 = Debug|Any CPU
		{AFA95E77-172A-4AB7-B825-4C76A22027EA}.Release|Any CPU.ActiveCfg = Release|Any CPU
		{AFA95E77-172A-4AB7-B825-4C76A22027EA}.Release|Any CPU.Build.0 = Release|Any CPU
		{D1FD07E2-DD6D-47E7-89A8-CA833544F8FB}.Debug|Any CPU.ActiveCfg = Debug|Any CPU
		{D1FD07E2-DD6D-47E7-89A8-CA833544F8FB}.Debug|Any CPU.Build.0 = Debug|Any CPU
		{D1FD07E2-DD6D-47E7-89A8-CA833544F8FB}.Release|Any CPU.ActiveCfg = Release|Any CPU
		{D1FD07E2-DD6D-47E7-89A8-CA833544F8FB}.Release|Any CPU.Build.0 = Release|Any CPU
		{05C6C598-B629-40F3-8C39-66ABB1FD32E0}.Debug|Any CPU.ActiveCfg = Debug|Any CPU
		{05C6C598-B629-40F3-8C39-66ABB1FD32E0}.Debug|Any CPU.Build.0 = Debug|Any CPU
		{05C6C598-B629-40F3-8C39-66ABB1FD32E0}.Release|Any CPU.ActiveCfg = Release|Any CPU
		{05C6C598-B629-40F3-8C39-66ABB1FD32E0}.Release|Any CPU.Build.0 = Release|Any CPU
		{742C9C24-0DDB-4AB7-A092-2E376F1D8935}.Debug|Any CPU.ActiveCfg = Debug|Any CPU
		{742C9C24-0DDB-4AB7-A092-2E376F1D8935}.Debug|Any CPU.Build.0 = Debug|Any CPU
		{742C9C24-0DDB-4AB7-A092-2E376F1D8935}.Release|Any CPU.ActiveCfg = Release|Any CPU
		{742C9C24-0DDB-4AB7-A092-2E376F1D8935}.Release|Any CPU.Build.0 = Release|Any CPU
		{6C4AFC8C-BA9B-4A0E-AD21-1072E6B065F4}.Debug|Any CPU.ActiveCfg = Debug|Any CPU
		{6C4AFC8C-BA9B-4A0E-AD21-1072E6B065F4}.Debug|Any CPU.Build.0 = Debug|Any CPU
		{6C4AFC8C-BA9B-4A0E-AD21-1072E6B065F4}.Release|Any CPU.ActiveCfg = Release|Any CPU
		{6C4AFC8C-BA9B-4A0E-AD21-1072E6B065F4}.Release|Any CPU.Build.0 = Release|Any CPU
		{24663046-6E2C-462D-8602-090E66E5553F}.Debug|Any CPU.ActiveCfg = Debug|Any CPU
		{24663046-6E2C-462D-8602-090E66E5553F}.Debug|Any CPU.Build.0 = Debug|Any CPU
		{24663046-6E2C-462D-8602-090E66E5553F}.Release|Any CPU.ActiveCfg = Release|Any CPU
		{24663046-6E2C-462D-8602-090E66E5553F}.Release|Any CPU.Build.0 = Release|Any CPU
		{43F17FA3-8D48-4A71-AFFC-6D35240594FD}.Debug|Any CPU.ActiveCfg = Debug|Any CPU
		{43F17FA3-8D48-4A71-AFFC-6D35240594FD}.Debug|Any CPU.Build.0 = Debug|Any CPU
		{43F17FA3-8D48-4A71-AFFC-6D35240594FD}.Release|Any CPU.ActiveCfg = Release|Any CPU
		{43F17FA3-8D48-4A71-AFFC-6D35240594FD}.Release|Any CPU.Build.0 = Release|Any CPU
	EndGlobalSection
	GlobalSection(SolutionProperties) = preSolution
		HideSolutionNode = FALSE
	EndGlobalSection
	GlobalSection(NestedProjects) = preSolution
		{699C560D-A61D-4265-8761-3CAFAD2F42AF} = {D53F731E-5259-4E73-802F-7C9181D4FFF5}
		{45578284-A9E8-4658-83C5-15C040FA0753} = {D53F731E-5259-4E73-802F-7C9181D4FFF5}
		{A1F9C922-7553-497A-B16C-C65BFA41292D} = {A216705C-AF0D-4E54-9762-0F1F8D084BC2}
		{9D156391-730E-4066-97E9-0FCA8B2D1A64} = {861980F4-C340-4983-9229-8309E781F282}
		{AFA95E77-172A-4AB7-B825-4C76A22027EA} = {699C560D-A61D-4265-8761-3CAFAD2F42AF}
		{D1FD07E2-DD6D-47E7-89A8-CA833544F8FB} = {A216705C-AF0D-4E54-9762-0F1F8D084BC2}
		{05C6C598-B629-40F3-8C39-66ABB1FD32E0} = {17B259DF-2509-4474-A0D3-CC93A49ED2F3}
		{742C9C24-0DDB-4AB7-A092-2E376F1D8935} = {99B099A6-AD9D-49F6-9464-0897AB4F65F9}
		{6C4AFC8C-BA9B-4A0E-AD21-1072E6B065F4} = {45578284-A9E8-4658-83C5-15C040FA0753}
		{F7E3B3C9-C0C0-4E7D-9A28-8AF9102AB9AF} = {9DF2760A-43D0-4284-B50A-7087ACD13EE4}
		{17B259DF-2509-4474-A0D3-CC93A49ED2F3} = {9DF2760A-43D0-4284-B50A-7087ACD13EE4}
		{24663046-6E2C-462D-8602-090E66E5553F} = {F7E3B3C9-C0C0-4E7D-9A28-8AF9102AB9AF}
		{7DF1CCED-077E-4501-84F0-7AE4DBA21095} = {D53F731E-5259-4E73-802F-7C9181D4FFF5}
		{43F17FA3-8D48-4A71-AFFC-6D35240594FD} = {7DF1CCED-077E-4501-84F0-7AE4DBA21095}
	EndGlobalSection
EndGlobal
